{
    "_readme": [
        "This file locks the dependencies of your project to a known state",
        "Read more about it at https://getcomposer.org/doc/01-basic-usage.md#installing-dependencies",
        "This file is @generated automatically"
    ],
    "content-hash": "2592f118c346b2e528dadc5986fa50fe",
    "packages": [
        {
            "name": "aliyuncs/oss-sdk-php",
            "version": "v2.7.2",
            "source": {
                "type": "git",
                "url": "https://github.com/aliyun/aliyun-oss-php-sdk.git",
                "reference": "483dd0b8bff5d47f0e4ffc99f6077a295c5ccbb5"
            },
            "dist": {
                "type": "zip",
                "url": "https://api.github.com/repos/aliyun/aliyun-oss-php-sdk/zipball/483dd0b8bff5d47f0e4ffc99f6077a295c5ccbb5",
                "reference": "483dd0b8bff5d47f0e4ffc99f6077a295c5ccbb5",
                "shasum": ""
            },
            "require": {
                "php": ">=5.3"
            },
            "require-dev": {
                "php-coveralls/php-coveralls": "*",
                "phpunit/phpunit": "*"
            },
            "type": "library",
            "autoload": {
                "psr-4": {
                    "OSS\\": "src/OSS"
                }
            },
            "notification-url": "https://packagist.org/downloads/",
            "license": [
                "MIT"
            ],
            "authors": [
                {
                    "name": "Aliyuncs",
                    "homepage": "http://www.aliyun.com"
                }
            ],
            "description": "Aliyun OSS SDK for PHP",
            "homepage": "http://www.aliyun.com/product/oss/",
            "support": {
                "issues": "https://github.com/aliyun/aliyun-oss-php-sdk/issues",
                "source": "https://github.com/aliyun/aliyun-oss-php-sdk/tree/v2.7.2"
            },
            "time": "2024-10-28T10:41:12+00:00"
        },
        {
            "name": "ivanlulyf/bunnyphp",
            "version": "3.3.2",
            "source": {
                "type": "git",
                "url": "https://github.com/IvanLuLyf/BunnyPHP.git",
                "reference": "fee872d16ea829ccf25292ed9ad89e1ce07ea2b7"
            },
            "dist": {
                "type": "zip",
                "url": "https://api.github.com/repos/IvanLuLyf/BunnyPHP/zipball/fee872d16ea829ccf25292ed9ad89e1ce07ea2b7",
                "reference": "fee872d16ea829ccf25292ed9ad89e1ce07ea2b7",
                "shasum": ""
            },
            "require": {
                "ext-json": "*",
                "ext-mbstring": "*",
                "ext-pdo": "*",
                "php": "^7.4|^8.0"
            },
            "type": "library",
            "autoload": {
                "psr-4": {
                    "BunnyPHP\\": "BunnyPHP/"
                }
            },
            "notification-url": "https://packagist.org/downloads/",
            "license": [
                "MIT"
            ],
            "authors": [
                {
                    "name": "Ivan Lu",
                    "email": "me@ivanlu.cn"
                }
            ],
            "description": "a lightweight PHP MVC Framework",
            "homepage": "https://ivanlulyf.github.io/BunnyPHP",
            "keywords": [
                "framework",
                "mvc"
            ],
            "support": {
                "docs": "https://ivanlulyf.github.io/BunnyPHP",
                "forum": "https://github.com/IvanLuLyf/BunnyPHP/discussions",
                "issues": "https://github.com/IvanLuLyf/BunnyPHP/issues",
                "source": "https://github.com/IvanLuLyf/BunnyPHP"
            },
            "time": "2026-05-03T12:36:01+00:00"
        },
        {
            "name": "ivanlulyf/bunnyphp-alioss",
            "version": "1.3.0",
            "source": {
                "type": "git",
                "url": "https://github.com/bunniescc/BunnyPHP-AliOSS.git",
                "reference": "50d96fd85e2558c93c3a23f1b13ae3ea172b4905"
            },
            "dist": {
                "type": "zip",
                "url": "https://api.github.com/repos/bunniescc/BunnyPHP-AliOSS/zipball/50d96fd85e2558c93c3a23f1b13ae3ea172b4905",
                "reference": "50d96fd85e2558c93c3a23f1b13ae3ea172b4905",
                "shasum": ""
            },
            "require": {
                "aliyuncs/oss-sdk-php": "^2",
                "ivanlulyf/bunnyphp": "^3"
            },
            "type": "library",
            "autoload": {
                "psr-4": {
                    "Bunny\\Storage\\": "storage/"
                }
            },
            "notification-url": "https://packagist.org/downloads/",
            "license": [
                "MIT"
            ],
            "authors": [
                {
                    "name": "Ivan Lu",
                    "email": "me@ivanlu.cn"
                }
            ],
            "description": "Aliyun OSS Storage for BunnyPHP",
            "support": {
                "issues": "https://github.com/bunniescc/BunnyPHP-AliOSS/issues",
                "source": "https://github.com/bunniescc/BunnyPHP-AliOSS/tree/1.3.0"
            },
            "time": "2026-05-03T12:42:11+00:00"
        },
        {
            "name": "ivanlulyf/bunnyphp-mailer",
            "version": "1.0.0",
            "source": {
                "type": "git",
                "url": "https://github.com/bunniescc/BunnyPHP-Mailer.git",
                "reference": "1e9033b868012f272348f5e54e11a5800157f615"
            },
            "dist": {
                "type": "zip",
                "url": "https://api.github.com/repos/bunniescc/BunnyPHP-Mailer/zipball/1e9033b868012f272348f5e54e11a5800157f615",
                "reference": "1e9033b868012f272348f5e54e11a5800157f615",
                "shasum": ""
            },
            "require": {
                "ivanlulyf/bunnyphp": "^3"
            },
            "type": "library",
            "autoload": {
                "classmap": [
                    "src"
                ]
            },
            "notification-url": "https://packagist.org/downloads/",
            "license": [
                "MIT"
            ],
            "authors": [
                {
                    "name": "Ivan Lu",
                    "email": "me@ivanlu.cn"
                }
            ],
            "description": "Mailer for BunnyPHP",
            "support": {
                "issues": "https://github.com/bunniescc/BunnyPHP-Mailer/issues",
                "source": "https://github.com/bunniescc/BunnyPHP-Mailer/tree/1.0.0"
            },
            "time": "2021-10-09T15:58:28+00:00"
        }
    ],
    "packages-dev": [],
    "aliases": [],
    "minimum-stability": "stable",
    "stability-flags": {},
    "prefer-stable": false,
    "prefer-lowest": false,
    "platform": {
        "ext-json": "*",
        "ext-pdo": "*",
        "ext-pdo_pgsql": "*",
        "ext-pdo_mysql": "*",
        "ext-pdo_sqlite": "*",
        "ext-iconv": "*"
    },
    "platform-dev": {},
    "plugin-api-version": "2.9.0"
}
